// !$*UTF8*$!
{
	archiveVersion = 1;
	classes = {
	};
	objectVersion = 56;
	objects = {

/* Begin PBXBuildFile section */
		88A933F12B0FE368007507B6 /* ExamenMApp.swift in Sources */ = {isa = PBXBuildFile; fileRef = 88A933F02B0FE368007507B6 /* ExamenMApp.swift */; };
		88A933F32B0FE368007507B6 /* ContentView.swift in Sources */ = {isa = PBXBuildFile; fileRef = 88A933F22B0FE368007507B6 /* ContentView.swift */; };
		88A933F52B0FE368007507B6 /* Assets.xcassets in Resources */ = {isa = PBXBuildFile; fileRef = 88A933F42B0FE368007507B6 /* Assets.xcassets */; };
		88A933F82B0FE368007507B6 /* Preview Assets.xcassets in Resources */ = {isa = PBXBuildFile; fileRef = 88A933F72B0FE368007507B6 /* Preview Assets.xcassets */; };
		88A934022B0FE369007507B6 /* ExamenMTests.swift in Sources */ = {isa = PBXBuildFile; fileRef = 88A934012B0FE369007507B6 /* ExamenMTests.swift */; };
		88A9340C2B0FE369007507B6 /* ExamenMUITests.swift in Sources */ = {isa = PBXBuildFile; fileRef = 88A9340B2B0FE369007507B6 /* ExamenMUITests.swift */; };
		88A9340E2B0FE369007507B6 /* ExamenMUITestsLaunchTests.swift in Sources */ = {isa = PBXBuildFile; fileRef = 88A9340D2B0FE369007507B6 /* ExamenMUITestsLaunchTests.swift */; };
		88A9341D2B0FE454007507B6 /* ContentViewModel.swift in Sources */ = {isa = PBXBuildFile; fileRef = 88A9341C2B0FE454007507B6 /* ContentViewModel.swift */; };
		88A934242B0FE4BC007507B6 /* Covid.swift in Sources */ = {isa = PBXBuildFile; fileRef = 88A934232B0FE4BC007507B6 /* Covid.swift */; };
		88A934262B0FE4E7007507B6 /* NetworkAPIProtocols.swift in Sources */ = {isa = PBXBuildFile; fileRef = 88A934252B0FE4E7007507B6 /* NetworkAPIProtocols.swift */; };
		88A934282B0FE50A007507B6 /* CovidRepository.swift in Sources */ = {isa = PBXBuildFile; fileRef = 88A934272B0FE50A007507B6 /* CovidRepository.swift */; };
		88A9342A2B0FE51B007507B6 /* CovidAPIService.swift in Sources */ = {isa = PBXBuildFile; fileRef = 88A934292B0FE51B007507B6 /* CovidAPIService.swift */; };
		88A9342C2B0FE52A007507B6 /* CovidAPIProtocol.swift in Sources */ = {isa = PBXBuildFile; fileRef = 88A9342B2B0FE52A007507B6 /* CovidAPIProtocol.swift */; };
		88A9342E2B0FE53C007507B6 /* NetworkAPIService.swift in Sources */ = {isa = PBXBuildFile; fileRef = 88A9342D2B0FE53C007507B6 /* NetworkAPIService.swift */; };
		88A934302B0FE55E007507B6 /* CovidListRequirement.swift in Sources */ = {isa = PBXBuildFile; fileRef = 88A9342F2B0FE55E007507B6 /* CovidListRequirement.swift */; };
		88A934342B0FE790007507B6 /* Alamofire in Frameworks */ = {isa = PBXBuildFile; productRef = 88A934332B0FE790007507B6 /* Alamofire */; };
		88A934372B0FE79C007507B6 /* SDWebImageSwiftUI in Frameworks */ = {isa = PBXBuildFile; productRef = 88A934362B0FE79C007507B6 /* SDWebImageSwiftUI */; };
/* End PBXBuildFile section */

/* Begin PBXContainerItemProxy section */
		88A933FE2B0FE369007507B6 /* PBXContainerItemProxy */ = {
			isa = PBXContainerItemProxy;
			containerPortal = 88A933E52B0FE368007507B6 /* Project object */;
			proxyType = 1;
			remoteGlobalIDString = 88A933EC2B0FE368007507B6;
			remoteInfo = ExamenM;
		};
		88A934082B0FE369007507B6 /* PBXContainerItemProxy */ = {
			isa = PBXContainerItemProxy;
			containerPortal = 88A933E52B0FE368007507B6 /* Project object */;
			proxyType = 1;
			remoteGlobalIDString = 88A933EC2B0FE368007507B6;
			remoteInfo = ExamenM;
		};
/* End PBXContainerItemProxy section */

/* Begin PBXFileReference section */
		88A933ED2B0FE368007507B6 /* ExamenM.app */ = {isa = PBXFileReference; explicitFileType = wrapper.application; includeInIndex = 0; path = ExamenM.app; sourceTree = BUILT_PRODUCTS_DIR; };
		88A933F02B0FE368007507B6 /* ExamenMApp.swift */ = {isa = PBXFileReference; lastKnownFileType = sourcecode.swift; path = ExamenMApp.swift; sourceTree = "<group>"; };
		88A933F22B0FE368007507B6 /* ContentView.swift */ = {isa = PBXFileReference; lastKnownFileType = sourcecode.swift; path = ContentView.swift; sourceTree = "<group>"; };
		88A933F42B0FE368007507B6 /* Assets.xcassets */ = {isa = PBXFileReference; lastKnownFileType = folder.assetcatalog; path = Assets.xcassets; sourceTree = "<group>"; };
		88A933F72B0FE368007507B6 /* Preview Assets.xcassets */ = {isa = PBXFileReference; lastKnownFileType = folder.assetcatalog; path = "Preview Assets.xcassets"; sourceTree = "<group>"; };
		88A933FD2B0FE369007507B6 /* ExamenMTests.xctest */ = {isa = PBXFileReference; explicitFileType = wrapper.cfbundle; includeInIndex = 0; path = ExamenMTests.xctest; sourceTree = BUILT_PRODUCTS_DIR; };
		88A934012B0FE369007507B6 /* ExamenMTests.swift */ = {isa = PBXFileReference; lastKnownFileType = sourcecode.swift; path = ExamenMTests.swift; sourceTree = "<group>"; };
		88A934072B0FE369007507B6 /* ExamenMUITests.xctest */ = {isa = PBXFileReference; explicitFileType = wrapper.cfbundle; includeInIndex = 0; path = ExamenMUITests.xctest; sourceTree = BUILT_PRODUCTS_DIR; };
		88A9340B2B0FE369007507B6 /* ExamenMUITests.swift */ = {isa = PBXFileReference; lastKnownFileType = sourcecode.swift; path = ExamenMUITests.swift; sourceTree = "<group>"; };
		88A9340D2B0FE369007507B6 /* ExamenMUITestsLaunchTests.swift */ = {isa = PBXFileReference; lastKnownFileType = sourcecode.swift; path = ExamenMUITestsLaunchTests.swift; sourceTree = "<group>"; };
		88A9341C2B0FE454007507B6 /* ContentViewModel.swift */ = {isa = PBXFileReference; lastKnownFileType = sourcecode.swift; path = ContentViewModel.swift; sourceTree = "<group>"; };
		88A934232B0FE4BC007507B6 /* Covid.swift */ = {isa = PBXFileReference; lastKnownFileType = sourcecode.swift; path = Covid.swift; sourceTree = "<group>"; };
		88A934252B0FE4E7007507B6 /* NetworkAPIProtocols.swift */ = {isa = PBXFileReference; lastKnownFileType = sourcecode.swift; path = NetworkAPIProtocols.swift; sourceTree = "<group>"; };
		88A934272B0FE50A007507B6 /* CovidRepository.swift */ = {isa = PBXFileReference; lastKnownFileType = sourcecode.swift; path = CovidRepository.swift; sourceTree = "<group>"; };
		88A934292B0FE51B007507B6 /* CovidAPIService.swift */ = {isa = PBXFileReference; lastKnownFileType = sourcecode.swift; path = CovidAPIService.swift; sourceTree = "<group>"; };
		88A9342B2B0FE52A007507B6 /* CovidAPIProtocol.swift */ = {isa = PBXFileReference; lastKnownFileType = sourcecode.swift; path = CovidAPIProtocol.swift; sourceTree = "<group>"; };
		88A9342D2B0FE53C007507B6 /* NetworkAPIService.swift */ = {isa = PBXFileReference; lastKnownFileType = sourcecode.swift; path = NetworkAPIService.swift; sourceTree = "<group>"; };
		88A9342F2B0FE55E007507B6 /* CovidListRequirement.swift */ = {isa = PBXFileReference; lastKnownFileType = sourcecode.swift; path = CovidListRequirement.swift; sourceTree = "<group>"; };
/* End PBXFileReference section */

/* Begin PBXFrameworksBuildPhase section */
		88A933EA2B0FE368007507B6 /* Frameworks */ = {
			isa = PBXFrameworksBuildPhase;
			buildActionMask = 2147483647;
			files = (
				88A934372B0FE79C007507B6 /* SDWebImageSwiftUI in Frameworks */,
				88A934342B0FE790007507B6 /* Alamofire in Frameworks */,
			);
			runOnlyForDeploymentPostprocessing = 0;
		};
		88A933FA2B0FE369007507B6 /* Frameworks */ = {
			isa = PBXFrameworksBuildPhase;
			buildActionMask = 2147483647;
			files = (
			);
			runOnlyForDeploymentPostprocessing = 0;
		};
		88A934042B0FE369007507B6 /* Frameworks */ = {
			isa = PBXFrameworksBuildPhase;
			buildActionMask = 2147483647;
			files = (
			);
			runOnlyForDeploymentPostprocessing = 0;
		};
/* End PBXFrameworksBuildPhase section */

/* Begin PBXGroup section */
		88A933E42B0FE368007507B6 = {
			isa = PBXGroup;
			children = (
				88A933EF2B0FE368007507B6 /* ExamenM */,
				88A934002B0FE369007507B6 /* ExamenMTests */,
				88A9340A2B0FE369007507B6 /* ExamenMUITests */,
				88A933EE2B0FE368007507B6 /* Products */,
			);
			sourceTree = "<group>";
		};
		88A933EE2B0FE368007507B6 /* Products */ = {
			isa = PBXGroup;
			children = (
				88A933ED2B0FE368007507B6 /* ExamenM.app */,
				88A933FD2B0FE369007507B6 /* ExamenMTests.xctest */,
				88A934072B0FE369007507B6 /* ExamenMUITests.xctest */,
			);
			name = Products;
			sourceTree = "<group>";
		};
		88A933EF2B0FE368007507B6 /* ExamenM */ = {
			isa = PBXGroup;
			children = (
				88A9341A2B0FE42A007507B6 /* Frameworks */,
				88A9341E2B0FE46A007507B6 /* Data */,
				88A9341F2B0FE487007507B6 /* Domain */,
				88A933F02B0FE368007507B6 /* ExamenMApp.swift */,
				88A933F22B0FE368007507B6 /* ContentView.swift */,
				88A933F42B0FE368007507B6 /* Assets.xcassets */,
				88A933F62B0FE368007507B6 /* Preview Content */,
			);
			path = ExamenM;
			sourceTree = "<group>";
		};
		88A933F62B0FE368007507B6 /* Preview Content */ = {
			isa = PBXGroup;
			children = (
				88A933F72B0FE368007507B6 /* Preview Assets.xcassets */,
			);
			path = "Preview Content";
			sourceTree = "<group>";
		};
		88A934002B0FE369007507B6 /* ExamenMTests */ = {
			isa = PBXGroup;
			children = (
				88A934012B0FE369007507B6 /* ExamenMTests.swift */,
			);
			path = ExamenMTests;
			sourceTree = "<group>";
		};
		88A9340A2B0FE369007507B6 /* ExamenMUITests */ = {
			isa = PBXGroup;
			children = (
				88A9340B2B0FE369007507B6 /* ExamenMUITests.swift */,
				88A9340D2B0FE369007507B6 /* ExamenMUITestsLaunchTests.swift */,
			);
			path = ExamenMUITests;
			sourceTree = "<group>";
		};
		88A9341A2B0FE42A007507B6 /* Frameworks */ = {
			isa = PBXGroup;
			children = (
				88A934312B0FE5C0007507B6 /* Views */,
				88A9341B2B0FE440007507B6 /* ViewModels */,
			);
			path = Frameworks;
			sourceTree = "<group>";
		};
		88A9341B2B0FE440007507B6 /* ViewModels */ = {
			isa = PBXGroup;
			children = (
				88A9341C2B0FE454007507B6 /* ContentViewModel.swift */,
			);
			path = ViewModels;
			sourceTree = "<group>";
		};
		88A9341E2B0FE46A007507B6 /* Data */ = {
			isa = PBXGroup;
			children = (
				88A934212B0FE4A2007507B6 /* Modelos */,
			);
			path = Data;
			sourceTree = "<group>";
		};
		88A9341F2B0FE487007507B6 /* Domain */ = {
			isa = PBXGroup;
			children = (
				88A9342F2B0FE55E007507B6 /* CovidListRequirement.swift */,
			);
			path = Domain;
			sourceTree = "<group>";
		};
		88A934212B0FE4A2007507B6 /* Modelos */ = {
			isa = PBXGroup;
			children = (
				88A934232B0FE4BC007507B6 /* Covid.swift */,
				88A934222B0FE4AE007507B6 /* Network */,
			);
			path = Modelos;
			sourceTree = "<group>";
		};
		88A934222B0FE4AE007507B6 /* Network */ = {
			isa = PBXGroup;
			children = (
				88A934252B0FE4E7007507B6 /* NetworkAPIProtocols.swift */,
				88A934272B0FE50A007507B6 /* CovidRepository.swift */,
				88A934292B0FE51B007507B6 /* CovidAPIService.swift */,
				88A9342B2B0FE52A007507B6 /* CovidAPIProtocol.swift */,
				88A9342D2B0FE53C007507B6 /* NetworkAPIService.swift */,
			);
			path = Network;
			sourceTree = "<group>";
		};
		88A934312B0FE5C0007507B6 /* Views */ = {
			isa = PBXGroup;
			children = (
			);
			path = Views;
			sourceTree = "<group>";
		};
/* End PBXGroup section */

/* Begin PBXNativeTarget section */
		88A933EC2B0FE368007507B6 /* ExamenM */ = {
			isa = PBXNativeTarget;
			buildConfigurationList = 88A934112B0FE369007507B6 /* Build configuration list for PBXNativeTarget "ExamenM" */;
			buildPhases = (
				88A933E92B0FE368007507B6 /* Sources */,
				88A933EA2B0FE368007507B6 /* Frameworks */,
				88A933EB2B0FE368007507B6 /* Resources */,
			);
			buildRules = (
			);
			dependencies = (
			);
			name = ExamenM;
			packageProductDependencies = (
				88A934332B0FE790007507B6 /* Alamofire */,
				88A934362B0FE79C007507B6 /* SDWebImageSwiftUI */,
			);
			productName = ExamenM;
			productReference = 88A933ED2B0FE368007507B6 /* ExamenM.app */;
			productType = "com.apple.product-type.application";
		};
		88A933FC2B0FE369007507B6 /* ExamenMTests */ = {
			isa = PBXNativeTarget;
			buildConfigurationList = 88A934142B0FE369007507B6 /* Build configuration list for PBXNativeTarget "ExamenMTests" */;
			buildPhases = (
				88A933F92B0FE369007507B6 /* Sources */,
				88A933FA2B0FE369007507B6 /* Frameworks */,
				88A933FB2B0FE369007507B6 /* Resources */,
			);
			buildRules = (
			);
			dependencies = (
				88A933FF2B0FE369007507B6 /* PBXTargetDependency */,
			);
			name = ExamenMTests;
			productName = ExamenMTests;
			productReference = 88A933FD2B0FE369007507B6 /* ExamenMTests.xctest */;
			productType = "com.apple.product-type.bundle.unit-test";
		};
		88A934062B0FE369007507B6 /* ExamenMUITests */ = {
			isa = PBXNativeTarget;
			buildConfigurationList = 88A934172B0FE369007507B6 /* Build configuration list for PBXNativeTarget "ExamenMUITests" */;
			buildPhases = (
				88A934032B0FE369007507B6 /* Sources */,
				88A934042B0FE369007507B6 /* Frameworks */,
				88A934052B0FE369007507B6 /* Resources */,
			);
			buildRules = (
			);
			dependencies = (
				88A934092B0FE369007507B6 /* PBXTargetDependency */,
			);
			name = ExamenMUITests;
			productName = ExamenMUITests;
			productReference = 88A934072B0FE369007507B6 /* ExamenMUITests.xctest */;
			productType = "com.apple.product-type.bundle.ui-testing";
		};
/* End PBXNativeTarget section */

/* Begin PBXProject section */
		88A933E52B0FE368007507B6 /* Project object */ = {
			isa = PBXProject;
			attributes = {
				BuildIndependentTargetsInParallel = 1;
				LastSwiftUpdateCheck = 1500;
				LastUpgradeCheck = 1500;
				TargetAttributes = {
					88A933EC2B0FE368007507B6 = {
						CreatedOnToolsVersion = 15.0.1;
					};
					88A933FC2B0FE369007507B6 = {
						CreatedOnToolsVersion = 15.0.1;
						TestTargetID = 88A933EC2B0FE368007507B6;
					};
					88A934062B0FE369007507B6 = {
						CreatedOnToolsVersion = 15.0.1;
						TestTargetID = 88A933EC2B0FE368007507B6;
					};
				};
			};
			buildConfigurationList = 88A933E82B0FE368007507B6 /* Build configuration list for PBXProject "ExamenM" */;
			compatibilityVersion = "Xcode 14.0";
			developmentRegion = en;
			hasScannedForEncodings = 0;
			knownRegions = (
				en,
				Base,
			);
			mainGroup = 88A933E42B0FE368007507B6;
			packageReferences = (
				88A934322B0FE790007507B6 /* XCRemoteSwiftPackageReference "Alamofire" */,
				88A934352B0FE79C007507B6 /* XCRemoteSwiftPackageReference "SDWebImageSwiftUI" */,
			);
			productRefGroup = 88A933EE2B0FE368007507B6 /* Products */;
			projectDirPath = "";
			projectRoot = "";
			targets = (
				88A933EC2B0FE368007507B6 /* ExamenM */,
				88A933FC2B0FE369007507B6 /* ExamenMTests */,
				88A934062B0FE369007507B6 /* ExamenMUITests */,
			);
		};
/* End PBXProject section */

/* Begin PBXResourcesBuildPhase section */
		88A933EB2B0FE368007507B6 /* Resources */ = {
			isa = PBXResourcesBuildPhase;
			buildActionMask = 2147483647;
			files = (
				88A933F82B0FE368007507B6 /* Preview Assets.xcassets in Resources */,
				88A933F52B0FE368007507B6 /* Assets.xcassets in Resources */,
			);
			runOnlyForDeploymentPostprocessing = 0;
		};
		88A933FB2B0FE369007507B6 /* Resources */ = {
			isa = PBXResourcesBuildPhase;
			buildActionMask = 2147483647;
			files = (
			);
			runOnlyForDeploymentPostprocessing = 0;
		};
		88A934052B0FE369007507B6 /* Resources */ = {
			isa = PBXResourcesBuildPhase;
			buildActionMask = 2147483647;
			files = (
			);
			runOnlyForDeploymentPostprocessing = 0;
		};
/* End PBXResourcesBuildPhase section */

/* Begin PBXSourcesBuildPhase section */
		88A933E92B0FE368007507B6 /* Sources */ = {
			isa = PBXSourcesBuildPhase;
			buildActionMask = 2147483647;
			files = (
				88A933F32B0FE368007507B6 /* ContentView.swift in Sources */,
				88A933F12B0FE368007507B6 /* ExamenMApp.swift in Sources */,
				88A9342C2B0FE52A007507B6 /* CovidAPIProtocol.swift in Sources */,
				88A9341D2B0FE454007507B6 /* ContentViewModel.swift in Sources */,
				88A9342A2B0FE51B007507B6 /* CovidAPIService.swift in Sources */,
				88A934242B0FE4BC007507B6 /* Covid.swift in Sources */,
				88A9342E2B0FE53C007507B6 /* NetworkAPIService.swift in Sources */,
				88A934302B0FE55E007507B6 /* CovidListRequirement.swift in Sources */,
				88A934262B0FE4E7007507B6 /* NetworkAPIProtocols.swift in Sources */,
				88A934282B0FE50A007507B6 /* CovidRepository.swift in Sources */,
			);
			runOnlyForDeploymentPostprocessing = 0;
		};
		88A933F92B0FE369007507B6 /* Sources */ = {
			isa = PBXSourcesBuildPhase;
			buildActionMask = 2147483647;
			files = (
				88A934022B0FE369007507B6 /* ExamenMTests.swift in Sources */,
			);
			runOnlyForDeploymentPostprocessing = 0;
		};
		88A934032B0FE369007507B6 /* Sources */ = {
			isa = PBXSourcesBuildPhase;
			buildActionMask = 2147483647;
			files = (
				88A9340E2B0FE369007507B6 /* ExamenMUITestsLaunchTests.swift in Sources */,
				88A9340C2B0FE369007507B6 /* ExamenMUITests.swift in Sources */,
			);
			runOnlyForDeploymentPostprocessing = 0;
		};
/* End PBXSourcesBuildPhase section */

/* Begin PBXTargetDependency section */
		88A933FF2B0FE369007507B6 /* PBXTargetDependency */ = {
			isa = PBXTargetDependency;
			target = 88A933EC2B0FE368007507B6 /* ExamenM */;
			targetProxy = 88A933FE2B0FE369007507B6 /* PBXContainerItemProxy */;
		};
		88A934092B0FE369007507B6 /* PBXTargetDependency */ = {
			isa = PBXTargetDependency;
			target = 88A933EC2B0FE368007507B6 /* ExamenM */;
			targetProxy = 88A934082B0FE369007507B6 /* PBXContainerItemProxy */;
		};
/* End PBXTargetDependency section */

/* Begin XCBuildConfiguration section */
		88A9340F2B0FE369007507B6 /* Debug */ = {
			isa = XCBuildConfiguration;
			buildSettings = {
				ALWAYS_SEARCH_USER_PATHS = NO;
				ASSETCATALOG_COMPILER_GENERATE_SWIFT_ASSET_SYMBOL_EXTENSIONS = YES;
				CLANG_ANALYZER_NONNULL = YES;
				CLANG_ANALYZER_NUMBER_OBJECT_CONVERSION = YES_AGGRESSIVE;
				CLANG_CXX_LANGUAGE_STANDARD = "gnu++20";
				CLANG_ENABLE_MODULES = YES;
				CLANG_ENABLE_OBJC_ARC = YES;
				CLANG_ENABLE_OBJC_WEAK = YES;
				CLANG_WARN_BLOCK_CAPTURE_AUTORELEASING = YES;
				CLANG_WARN_BOOL_CONVERSION = YES;
				CLANG_WARN_COMMA = YES;
				CLANG_WARN_CONSTANT_CONVERSION = YES;
				CLANG_WARN_DEPRECATED_OBJC_IMPLEMENTATIONS = YES;
				CLANG_WARN_DIRECT_OBJC_ISA_USAGE = YES_ERROR;
				CLANG_WARN_DOCUMENTATION_COMMENTS = YES;
				CLANG_WARN_EMPTY_BODY = YES;
				CLANG_WARN_ENUM_CONVERSION = YES;
				CLANG_WARN_INFINITE_RECURSION = YES;
				CLANG_WARN_INT_CONVERSION = YES;
				CLANG_WARN_NON_LITERAL_NULL_CONVERSION = YES;
				CLANG_WARN_OBJC_IMPLICIT_RETAIN_SELF = YES;
				CLANG_WARN_OBJC_LITERAL_CONVERSION = YES;
				CLANG_WARN_OBJC_ROOT_CLASS = YES_ERROR;
				CLANG_WARN_QUOTED_INCLUDE_IN_FRAMEWORK_HEADER = YES;
				CLANG_WARN_RANGE_LOOP_ANALYSIS = YES;
				CLANG_WARN_STRICT_PROTOTYPES = YES;
				CLANG_WARN_SUSPICIOUS_MOVE = YES;
				CLANG_WARN_UNGUARDED_AVAILABILITY = YES_AGGRESSIVE;
				CLANG_WARN_UNREACHABLE_CODE = YES;
				CLANG_WARN__DUPLICATE_METHOD_MATCH = YES;
				COPY_PHASE_STRIP = NO;
				DEBUG_INFORMATION_FORMAT = dwarf;
				ENABLE_STRICT_OBJC_MSGSEND = YES;
				ENABLE_TESTABILITY = YES;
				ENABLE_USER_SCRIPT_SANDBOXING = YES;
				GCC_C_LANGUAGE_STANDARD = gnu17;
				GCC_DYNAMIC_NO_PIC = NO;
				GCC_NO_COMMON_BLOCKS = YES;
				GCC_OPTIMIZATION_LEVEL = 0;
				GCC_PREPROCESSOR_DEFINITIONS = (
					"DEBUG=1",
					"$(inherited)",
				);
				GCC_WARN_64_TO_32_BIT_CONVERSION = YES;
				GCC_WARN_ABOUT_RETURN_TYPE = YES_ERROR;
				GCC_WARN_UNDECLARED_SELECTOR = YES;
				GCC_WARN_UNINITIALIZED_AUTOS = YES_AGGRESSIVE;
				GCC_WARN_UNUSED_FUNCTION = YES;
				GCC_WARN_UNUSED_VARIABLE = YES;
				IPHONEOS_DEPLOYMENT_TARGET = 17.0;
				LOCALIZATION_PREFERS_STRING_CATALOGS = YES;
				MTL_ENABLE_DEBUG_INFO = INCLUDE_SOURCE;
				MTL_FAST_MATH = YES;
				ONLY_ACTIVE_ARCH = YES;
				SDKROOT = iphoneos;
				SWIFT_ACTIVE_COMPILATION_CONDITIONS = "DEBUG $(inherited)";
				SWIFT_OPTIMIZATION_LEVEL = "-Onone";
			};
			name = Debug;
		};
		88A934102B0FE369007507B6 /* Release */ = {
			isa = XCBuildConfiguration;
			buildSettings = {
				ALWAYS_SEARCH_USER_PATHS = NO;
				ASSETCATALOG_COMPILER_GENERATE_SWIFT_ASSET_SYMBOL_EXTENSIONS = YES;
				CLANG_ANALYZER_NONNULL = YES;
				CLANG_ANALYZER_NUMBER_OBJECT_CONVERSION = YES_AGGRESSIVE;
				CLANG_CXX_LANGUAGE_STANDARD = "gnu++20";
				CLANG_ENABLE_MODULES = YES;
				CLANG_ENABLE_OBJC_ARC = YES;
				CLANG_ENABLE_OBJC_WEAK = YES;
				CLANG_WARN_BLOCK_CAPTURE_AUTORELEASING = YES;
				CLANG_WARN_BOOL_CONVERSION = YES;
				CLANG_WARN_COMMA = YES;
				CLANG_WARN_CONSTANT_CONVERSION = YES;
				CLANG_WARN_DEPRECATED_OBJC_IMPLEMENTATIONS = YES;
				CLANG_WARN_DIRECT_OBJC_ISA_USAGE = YES_ERROR;
				CLANG_WARN_DOCUMENTATION_COMMENTS = YES;
				CLANG_WARN_EMPTY_BODY = YES;
				CLANG_WARN_ENUM_CONVERSION = YES;
				CLANG_WARN_INFINITE_RECURSION = YES;
				CLANG_WARN_INT_CONVERSION = YES;
				CLANG_WARN_NON_LITERAL_NULL_CONVERSION = YES;
				CLANG_WARN_OBJC_IMPLICIT_RETAIN_SELF = YES;
				CLANG_WARN_OBJC_LITERAL_CONVERSION = YES;
				CLANG_WARN_OBJC_ROOT_CLASS = YES_ERROR;
				CLANG_WARN_QUOTED_INCLUDE_IN_FRAMEWORK_HEADER = YES;
				CLANG_WARN_RANGE_LOOP_ANALYSIS = YES;
				CLANG_WARN_STRICT_PROTOTYPES = YES;
				CLANG_WARN_SUSPICIOUS_MOVE = YES;
				CLANG_WARN_UNGUARDED_AVAILABILITY = YES_AGGRESSIVE;
				CLANG_WARN_UNREACHABLE_CODE = YES;
				CLANG_WARN__DUPLICATE_METHOD_MATCH = YES;
				COPY_PHASE_STRIP = NO;
				DEBUG_INFORMATION_FORMAT = "dwarf-with-dsym";
				ENABLE_NS_ASSERTIONS = NO;
				ENABLE_STRICT_OBJC_MSGSEND = YES;
				ENABLE_USER_SCRIPT_SANDBOXING = YES;
				GCC_C_LANGUAGE_STANDARD = gnu17;
				GCC_NO_COMMON_BLOCKS = YES;
				GCC_WARN_64_TO_32_BIT_CONVERSION = YES;
				GCC_WARN_ABOUT_RETURN_TYPE = YES_ERROR;
				GCC_WARN_UNDECLARED_SELECTOR = YES;
				GCC_WARN_UNINITIALIZED_AUTOS = YES_AGGRESSIVE;
				GCC_WARN_UNUSED_FUNCTION = YES;
				GCC_WARN_UNUSED_VARIABLE = YES;
				IPHONEOS_DEPLOYMENT_TARGET = 17.0;
				LOCALIZATION_PREFERS_STRING_CATALOGS = YES;
				MTL_ENABLE_DEBUG_INFO = NO;
				MTL_FAST_MATH = YES;
				SDKROOT = iphoneos;
				SWIFT_COMPILATION_MODE = wholemodule;
				VALIDATE_PRODUCT = YES;
			};
			name = Release;
		};
		88A934122B0FE369007507B6 /* Debug */ = {
			isa = XCBuildConfiguration;
			buildSettings = {
				ASSETCATALOG_COMPILER_APPICON_NAME = AppIcon;
				ASSETCATALOG_COMPILER_GLOBAL_ACCENT_COLOR_NAME = AccentColor;
				CODE_SIGN_STYLE = Automatic;
				CURRENT_PROJECT_VERSION = 1;
				DEVELOPMENT_ASSET_PATHS = "\"ExamenM/Preview Content\"";
				DEVELOPMENT_TEAM = FWWM8PYADV;
				ENABLE_PREVIEWS = YES;
				GENERATE_INFOPLIST_FILE = YES;
				INFOPLIST_KEY_UIApplicationSceneManifest_Generation = YES;
				INFOPLIST_KEY_UIApplicationSupportsIndirectInputEvents = YES;
				INFOPLIST_KEY_UILaunchScreen_Generation = YES;
				INFOPLIST_KEY_UISupportedInterfaceOrientations_iPad = "UIInterfaceOrientationPortrait UIInterfaceOrientationPortraitUpsideDown UIInterfaceOrientationLandscapeLeft UIInterfaceOrientationLandscapeRight";
				INFOPLIST_KEY_UISupportedInterfaceOrientations_iPhone = "UIInterfaceOrientationPortrait UIInterfaceOrientationLandscapeLeft UIInterfaceOrientationLandscapeRight";
				LD_RUNPATH_SEARCH_PATHS = (
					"$(inherited)",
					"@executable_path/Frameworks",
				);
				MARKETING_VERSION = 1.0;
				PRODUCT_BUNDLE_IDENTIFIER = com.example.ExamenM;
				PRODUCT_NAME = "$(TARGET_NAME)";
				SWIFT_EMIT_LOC_STRINGS = YES;
				SWIFT_VERSION = 5.0;
				TARGETED_DEVICE_FAMILY = "1,2";
			};
			name = Debug;
		};
		88A934132B0FE369007507B6 /* Release */ = {
			isa = XCBuildConfiguration;
			buildSettings = {
				ASSETCATALOG_COMPILER_APPICON_NAME = AppIcon;
				ASSETCATALOG_COMPILER_GLOBAL_ACCENT_COLOR_NAME = AccentColor;
				CODE_SIGN_STYLE = Automatic;
				CURRENT_PROJECT_VERSION = 1;
				DEVELOPMENT_ASSET_PATHS = "\"ExamenM/Preview Content\"";
				DEVELOPMENT_TEAM = FWWM8PYADV;
				ENABLE_PREVIEWS = YES;
				GENERATE_INFOPLIST_FILE = YES;
				INFOPLIST_KEY_UIApplicationSceneManifest_Generation = YES;
				INFOPLIST_KEY_UIApplicationSupportsIndirectInputEvents = YES;
				INFOPLIST_KEY_UILaunchScreen_Generation = YES;
				INFOPLIST_KEY_UISupportedInterfaceOrientations_iPad = "UIInterfaceOrientationPortrait UIInterfaceOrientationPortraitUpsideDown UIInterfaceOrientationLandscapeLeft UIInterfaceOrientationLandscapeRight";
				INFOPLIST_KEY_UISupportedInterfaceOrientations_iPhone = "UIInterfaceOrientationPortrait UIInterfaceOrientationLandscapeLeft UIInterfaceOrientationLandscapeRight";
				LD_RUNPATH_SEARCH_PATHS = (
					"$(inherited)",
					"@executable_path/Frameworks",
				);
				MARKETING_VERSION = 1.0;
				PRODUCT_BUNDLE_IDENTIFIER = com.example.ExamenM;
				PRODUCT_NAME = "$(TARGET_NAME)";
				SWIFT_EMIT_LOC_STRINGS = YES;
				SWIFT_VERSION = 5.0;
				TARGETED_DEVICE_FAMILY = "1,2";
			};
			name = Release;
		};
		88A934152B0FE369007507B6 /* Debug */ = {
			isa = XCBuildConfiguration;
			buildSettings = {
				ALWAYS_EMBED_SWIFT_STANDARD_LIBRARIES = YES;
				BUNDLE_LOADER = "$(TEST_HOST)";
				CODE_SIGN_STYLE = Automatic;
				CURRENT_PROJECT_VERSION = 1;
				DEVELOPMENT_TEAM = FWWM8PYADV;
				GENERATE_INFOPLIST_FILE = YES;
				IPHONEOS_DEPLOYMENT_TARGET = 17.0;
				MARKETING_VERSION = 1.0;
				PRODUCT_BUNDLE_IDENTIFIER = com.example.ExamenMTests;
				PRODUCT_NAME = "$(TARGET_NAME)";
				SWIFT_EMIT_LOC_STRINGS = NO;
				SWIFT_VERSION = 5.0;
				TARGETED_DEVICE_FAMILY = "1,2";
				TEST_HOST = "$(BUILT_PRODUCTS_DIR)/ExamenM.app/$(BUNDLE_EXECUTABLE_FOLDER_PATH)/ExamenM";
			};
			name = Debug;
		};
		88A934162B0FE369007507B6 /* Release */ = {
			isa = XCBuildConfiguration;
			buildSettings = {
				ALWAYS_EMBED_SWIFT_STANDARD_LIBRARIES = YES;
				BUNDLE_LOADER = "$(TEST_HOST)";
				CODE_SIGN_STYLE = Automatic;
				CURRENT_PROJECT_VERSION = 1;
				DEVELOPMENT_TEAM = FWWM8PYADV;
				GENERATE_INFOPLIST_FILE = YES;
				IPHONEOS_DEPLOYMENT_TARGET = 17.0;
				MARKETING_VERSION = 1.0;
				PRODUCT_BUNDLE_IDENTIFIER = com.example.ExamenMTests;
				PRODUCT_NAME = "$(TARGET_NAME)";
				SWIFT_EMIT_LOC_STRINGS = NO;
				SWIFT_VERSION = 5.0;
				TARGETED_DEVICE_FAMILY = "1,2";
				TEST_HOST = "$(BUILT_PRODUCTS_DIR)/ExamenM.app/$(BUNDLE_EXECUTABLE_FOLDER_PATH)/ExamenM";
			};
			name = Release;
		};
		88A934182B0FE369007507B6 /* Debug */ = {
			isa = XCBuildConfiguration;
			buildSettings = {
				ALWAYS_EMBED_SWIFT_STANDARD_LIBRARIES = YES;
				CODE_SIGN_STYLE = Automatic;
				CURRENT_PROJECT_VERSION = 1;
				DEVELOPMENT_TEAM = FWWM8PYADV;
				GENERATE_INFOPLIST_FILE = YES;
				MARKETING_VERSION = 1.0;
				PRODUCT_BUNDLE_IDENTIFIER = com.example.ExamenMUITests;
				PRODUCT_NAME = "$(TARGET_NAME)";
				SWIFT_EMIT_LOC_STRINGS = NO;
				SWIFT_VERSION = 5.0;
				TARGETED_DEVICE_FAMILY = "1,2";
				TEST_TARGET_NAME = ExamenM;
			};
			name = Debug;
		};
		88A934192B0FE369007507B6 /* Release */ = {
			isa = XCBuildConfiguration;
			buildSettings = {
				ALWAYS_EMBED_SWIFT_STANDARD_LIBRARIES = YES;
				CODE_SIGN_STYLE = Automatic;
				CURRENT_PROJECT_VERSION = 1;
				DEVELOPMENT_TEAM = FWWM8PYADV;
				GENERATE_INFOPLIST_FILE = YES;
				MARKETING_VERSION = 1.0;
				PRODUCT_BUNDLE_IDENTIFIER = com.example.ExamenMUITests;
				PRODUCT_NAME = "$(TARGET_NAME)";
				SWIFT_EMIT_LOC_STRINGS = NO;
				SWIFT_VERSION = 5.0;
				TARGETED_DEVICE_FAMILY = "1,2";
				TEST_TARGET_NAME = ExamenM;
			};
			name = Release;
		};
/* End XCBuildConfiguration section */

/* Begin XCConfigurationList section */
		88A933E82B0FE368007507B6 /* Build configuration list for PBXProject "ExamenM" */ = {
			isa = XCConfigurationList;
			buildConfigurations = (
				88A9340F2B0FE369007507B6 /* Debug */,
				88A934102B0FE369007507B6 /* Release */,
			);
			defaultConfigurationIsVisible = 0;
			defaultConfigurationName = Release;
		};
		88A934112B0FE369007507B6 /* Build configuration list for PBXNativeTarget "ExamenM" */ = {
			isa = XCConfigurationList;
			buildConfigurations = (
				88A934122B0FE369007507B6 /* Debug */,
				88A934132B0FE369007507B6 /* Release */,
			);
			defaultConfigurationIsVisible = 0;
			defaultConfigurationName = Release;
		};
		88A934142B0FE369007507B6 /* Build configuration list for PBXNativeTarget "ExamenMTests" */ = {
			isa = XCConfigurationList;
			buildConfigurations = (
				88A934152B0FE369007507B6 /* Debug */,
				88A934162B0FE369007507B6 /* Release */,
			);
			defaultConfigurationIsVisible = 0;
			defaultConfigurationName = Release;
		};
		88A934172B0FE369007507B6 /* Build configuration list for PBXNativeTarget "ExamenMUITests" */ = {
			isa = XCConfigurationList;
			buildConfigurations = (
				88A934182B0FE369007507B6 /* Debug */,
				88A934192B0FE369007507B6 /* Release */,
			);
			defaultConfigurationIsVisible = 0;
			defaultConfigurationName = Release;
		};
/* End XCConfigurationList section */

/* Begin XCRemoteSwiftPackageReference section */
		88A934322B0FE790007507B6 /* XCRemoteSwiftPackageReference "Alamofire" */ = {
			isa = XCRemoteSwiftPackageReference;
			repositoryURL = "https://github.com/Alamofire/Alamofire.git";
			requirement = {
				kind = upToNextMajorVersion;
				minimumVersion = 5.8.1;
			};
		};
		88A934352B0FE79C007507B6 /* XCRemoteSwiftPackageReference "SDWebImageSwiftUI" */ = {
			isa = XCRemoteSwiftPackageReference;
			repositoryURL = "https://github.com/SDWebImage/SDWebImageSwiftUI";
			requirement = {
				kind = upToNextMajorVersion;
				minimumVersion = 2.2.4;
			};
		};
/* End XCRemoteSwiftPackageReference section */

/* Begin XCSwiftPackageProductDependency section */
		88A934332B0FE790007507B6 /* Alamofire */ = {
			isa = XCSwiftPackageProductDependency;
			package = 88A934322B0FE790007507B6 /* XCRemoteSwiftPackageReference "Alamofire" */;
			productName = Alamofire;
		};
		88A934362B0FE79C007507B6 /* SDWebImageSwiftUI */ = {
			isa = XCSwiftPackageProductDependency;
			package = 88A934352B0FE79C007507B6 /* XCRemoteSwiftPackageReference "SDWebImageSwiftUI" */;
			productName = SDWebImageSwiftUI;
		};
/* End XCSwiftPackageProductDependency section */
	};
	rootObject = 88A933E52B0FE368007507B6 /* Project object */;
}
